{
  "name": "s4js_example",
  "version": "1.0.0",
  "lockfileVersion": 1,
  "requires": true,
  "dependencies": {
    "@types/node": {
      "version": "10.12.1",
      "resolved": "https://registry.npmjs.org/@types/node/-/node-10.12.1.tgz",
      "integrity": "sha512-i1sl+WCX2OCHeUi9oi7PiCNUtYFrpWhpcx878vpeq/tlZTKzcFdHePlyFHVbWqeuKN0SRPl/9ZFDSTsfv9h7VQ==",
      "dev": true
    },
    "@types/text-encoding-utf-8": {
      "version": "1.0.1",
      "resolved": "https://registry.npmjs.org/@types/text-encoding-utf-8/-/text-encoding-utf-8-1.0.1.tgz",
      "integrity": "sha512-GpIEYaS+yNfYqpowLLziiY42pyaL+lThd/wMh6tTubaKuG4IRkXqqyxK7Nddn3BvpUg2+go3Gv/jbXvAFMRjiQ==",
      "dev": true
    },
    "text-encoding-utf-8": {
      "version": "1.0.2",
      "resolved": "https://registry.npmjs.org/text-encoding-utf-8/-/text-encoding-utf-8-1.0.2.tgz",
      "integrity": "sha512-8bw4MY9WjdsD2aMtO0OzOCY3pXGYNx2d2FfHRVUKkiCPDWjKuOlhLVASS+pD7VkLTVjW268LYJHwsnPFlBpbAg=="
    }
  }
}
